
Microsoft Visual Studio Solution File, Format Version 12.00
# Visual Studio Version 17
VisualStudioVersion = 17.5.33414.496
MinimumVisualStudioVersion = 10.0.40219.1
Project("{9A19103F-16F7-4668-BE54-9A1E7A4F7556}") = "ProjectSchedule", "ProjectSchedule\ProjectSchedule.csproj", "{D19F8651-63C4-4D8D-858C-AEEBBEF9F327}"
EndProject
Project("{FAE04EC0-301F-11D3-BF4B-00C04F79EFBC}") = "WebSchedule", "WebSchedule\WebSchedule.csproj", "{6F726AD0-C63A-44E6-A75A-F14617C923F4}"
EndProject
Global
	GlobalSection(SolutionConfigurationPlatforms) = preSolution
		Debug|Any CPU = Debug|Any CPU
		Release|Any CPU = Release|Any CPU
	EndGlobalSection
	GlobalSection(ProjectConfigurationPlatforms) = postSolution
		{D19F8651-63C4-4D8D-858C-AEEBBEF9F327}.Debug|Any CPU.ActiveCfg = Debug|Any CPU
		{D19F8651-63C4-4D8D-858C-AEEBBEF9F327}.Debug|Any CPU.Build.0 = Debug|Any CPU
		{D19F8651-63C4-4D8D-858C-AEEBBEF9F327}.Release|Any CPU.ActiveCfg = Release|Any CPU
		{D19F8651-63C4-4D8D-858C-AEEBBEF9F327}.Release|Any CPU.Build.0 = Release|Any CPU
		{6F726AD0-C63A-44E6-A75A-F14617C923F4}.Debug|Any CPU.ActiveCfg = Debug|Any CPU
		{6F726AD0-C63A-44E6-A75A-F14617C923F4}.Debug|Any CPU.Build.0 = Debug|Any CPU
		{6F726AD0-C63A-44E6-A75A-F14617C923F4}.Release|Any CPU.ActiveCfg = Release|Any CPU
		{6F726AD0-C63A-44E6-A75A-F14617C923F4}.Release|Any CPU.Build.0 = Release|Any CPU
	EndGlobalSection
	GlobalSection(SolutionProperties) = preSolution
		HideSolutionNode = FALSE
	EndGlobalSection
	GlobalSection(ExtensibilityGlobals) = postSolution
		SolutionGuid = {3072840B-53EF-4A70-8DE6-C95C1B5DDFDF}
	EndGlobalSection
EndGlobal
